
Microsoft Visual Studio Solution File, Format Version 12.00
# Visual Studio Version 16
VisualStudioVersion = 16.0.31205.134
MinimumVisualStudioVersion = 10.0.40219.1
Project("{9A19103F-16F7-4668-BE54-9A1E7A4F7556}") = "TheSystemNet", "TheSystemNet.csproj", "{4F495204-8211-4A38-9E02-89C1DA15DD52}"
EndProject
Global
	GlobalSection(SolutionConfigurationPlatforms) = preSolution
		Debug|Any CPU = Debug|Any CPU
		Release|Any CPU = Release|Any CPU
	EndGlobalSection
	GlobalSection(ProjectConfigurationPlatforms) = postSolution
		{4F495204-8211-4A38-9E02-89C1DA15DD52}.Debug|Any CPU.ActiveCfg = Debug|Any CPU
		{4F495204-8211-4A38-9E02-89C1DA15DD52}.Debug|Any CPU.Build.0 = Debug|Any CPU
		{4F495204-8211-4A38-9E02-89C1DA15DD52}.Release|Any CPU.ActiveCfg = Release|Any CPU
		{4F495204-8211-4A38-9E02-89C1DA15DD52}.Release|Any CPU.Build.0 = Release|Any CPU
	EndGlobalSection
	GlobalSection(SolutionProperties) = preSolution
		HideSolutionNode = FALSE
	EndGlobalSection
	GlobalSection(ExtensibilityGlobals) = postSolution
		SolutionGuid = {094736A5-C707-4A9A-BA60-110EA3ECE971}
	EndGlobalSection
EndGlobal
